// !$*UTF8*$!
{
	archiveVersion = 1;
	classes = {
	};
	objectVersion = 46;
	objects = {

/* Begin PBXBuildFile section */
		C8C224CB167F3A4900138B26 /* Foundation.framework in Frameworks */ = {isa = PBXBuildFile; fileRef = C8C224CA167F3A4900138B26 /* Foundation.framework */; };
		C8C224CE167F3A4900138B26 /* main.m in Sources */ = {isa = PBXBuildFile; fileRef = C8C224CD167F3A4900138B26 /* main.m */; };
		C8C224D2167F3A4900138B26 /* adapter_pattern.1 in CopyFiles */ = {isa = PBXBuildFile; fileRef = C8C224D1167F3A4900138B26 /* adapter_pattern.1 */; };
/* End PBXBuildFile section */

/* Begin PBXCopyFilesBuildPhase section */
		C8C224C4167F3A4900138B26 /* CopyFiles */ = {
			isa = PBXCopyFilesBuildPhase;
			buildActionMask = 2147483647;
			dstPath = /usr/share/man/man1/;
			dstSubfolderSpec = 0;
			files = (
				C8C224D2167F3A4900138B26 /* adapter_pattern.1 in CopyFiles */,
			);
			runOnlyForDeploymentPostprocessing = 1;
		};
/* End PBXCopyFilesBuildPhase section */

/* Begin PBXFileReference section */
		C8C224C6167F3A4900138B26 /* adapter pattern */ = {isa = PBXFileReference; explicitFileType = "compiled.mach-o.executable"; includeInIndex = 0; path = "adapter pattern"; sourceTree = BUILT_PRODUCTS_DIR; };
		C8C224CA167F3A4900138B26 /* Foundation.framework */ = {isa = PBXFileReference; lastKnownFileType = wrapper.framework; name = Foundation.framework; path = System/Library/Frameworks/Foundation.framework; sourceTree = SDKROOT; };
		C8C224CD167F3A4900138B26 /* main.m */ = {isa = PBXFileReference; lastKnownFileType = sourcecode.c.objc; path = main.m; sourceTree = "<group>"; };
		C8C224D0167F3A4900138B26 /* adapter pattern-Prefix.pch */ = {isa = PBXFileReference; lastKnownFileType = sourcecode.c.h; path = "adapter pattern-Prefix.pch"; sourceTree = "<group>"; };
		C8C224D1167F3A4900138B26 /* adapter_pattern.1 */ = {isa = PBXFileReference; lastKnownFileType = text.man; path = adapter_pattern.1; sourceTree = "<group>"; };
/* End PBXFileReference section */

/* Begin PBXFrameworksBuildPhase section */
		C8C224C3167F3A4900138B26 /* Frameworks */ = {
			isa = PBXFrameworksBuildPhase;
			buildActionMask = 2147483647;
			files = (
				C8C224CB167F3A4900138B26 /* Foundation.framework in Frameworks */,
			);
			runOnlyForDeploymentPostprocessing = 0;
		};
/* End PBXFrameworksBuildPhase section */

/* Begin PBXGroup section */
		C8C224BB167F3A4900138B26 = {
			isa = PBXGroup;
			children = (
				C8C224CC167F3A4900138B26 /* adapter pattern */,
				C8C224C9167F3A4900138B26 /* Frameworks */,
				C8C224C7167F3A4900138B26 /* Products */,
			);
			sourceTree = "<group>";
		};
		C8C224C7167F3A4900138B26 /* Products */ = {
			isa = PBXGroup;
			children = (
				C8C224C6167F3A4900138B26 /* adapter pattern */,
			);
			name = Products;
			sourceTree = "<group>";
		};
		C8C224C9167F3A4900138B26 /* Frameworks */ = {
			isa = PBXGroup;
			children = (
				C8C224CA167F3A4900138B26 /* Foundation.framework */,
			);
			name = Frameworks;
			sourceTree = "<group>";
		};
		C8C224CC167F3A4900138B26 /* adapter pattern */ = {
			isa = PBXGroup;
			children = (
				C8C224CD167F3A4900138B26 /* main.m */,
				C8C224D1167F3A4900138B26 /* adapter_pattern.1 */,
				C8C224CF167F3A4900138B26 /* Supporting Files */,
			);
			path = "adapter pattern";
			sourceTree = "<group>";
		};
		C8C224CF167F3A4900138B26 /* Supporting Files */ = {
			isa = PBXGroup;
			children = (
				C8C224D0167F3A4900138B26 /* adapter pattern-Prefix.pch */,
			);
			name = "Supporting Files";
			sourceTree = "<group>";
		};
/* End PBXGroup section */

/* Begin PBXNativeTarget section */
		C8C224C5167F3A4900138B26 /* adapter pattern */ = {
			isa = PBXNativeTarget;
			buildConfigurationList = C8C224D5167F3A4900138B26 /* Build configuration list for PBXNativeTarget "adapter pattern" */;
			buildPhases = (
				C8C224C2167F3A4900138B26 /* Sources */,
				C8C224C3167F3A4900138B26 /* Frameworks */,
				C8C224C4167F3A4900138B26 /* CopyFiles */,
			);
			buildRules = (
			);
			dependencies = (
			);
			name = "adapter pattern";
			productName = "adapter pattern";
			productReference = C8C224C6167F3A4900138B26 /* adapter pattern */;
			productType = "com.apple.product-type.tool";
		};
/* End PBXNativeTarget section */

/* Begin PBXProject section */
		C8C224BD167F3A4900138B26 /* Project object */ = {
			isa = PBXProject;
			attributes = {
				LastUpgradeCheck = 0450;
				ORGANIZATIONNAME = gaoweiwei;
			};
			buildConfigurationList = C8C224C0167F3A4900138B26 /* Build configuration list for PBXProject "adapter pattern" */;
			compatibilityVersion = "Xcode 3.2";
			developmentRegion = English;
			hasScannedForEncodings = 0;
			knownRegions = (
				en,
			);
			mainGroup = C8C224BB167F3A4900138B26;
			productRefGroup = C8C224C7167F3A4900138B26 /* Products */;
			projectDirPath = "";
			projectRoot = "";
			targets = (
				C8C224C5167F3A4900138B26 /* adapter pattern */,
			);
		};
/* End PBXProject section */

/* Begin PBXSourcesBuildPhase section */
		C8C224C2167F3A4900138B26 /* Sources */ = {
			isa = PBXSourcesBuildPhase;
			buildActionMask = 2147483647;
			files = (
				C8C224CE167F3A4900138B26 /* main.m in Sources */,
			);
			runOnlyForDeploymentPostprocessing = 0;
		};
/* End PBXSourcesBuildPhase section */

/* Begin XCBuildConfiguration section */
		C8C224D3167F3A4900138B26 /* Debug */ = {
			isa = XCBuildConfiguration;
			buildSettings = {
				ALWAYS_SEARCH_USER_PATHS = NO;
				ARCHS = "$(ARCHS_STANDARD_64_BIT)";
				CLANG_CXX_LANGUAGE_STANDARD = "gnu++0x";
				CLANG_CXX_LIBRARY = "libc++";
				CLANG_WARN_EMPTY_BODY = YES;
				CLANG_WARN__DUPLICATE_METHOD_MATCH = YES;
				COPY_PHASE_STRIP = NO;
				GCC_C_LANGUAGE_STANDARD = gnu99;
				GCC_DYNAMIC_NO_PIC = NO;
				GCC_ENABLE_OBJC_EXCEPTIONS = YES;
				GCC_OPTIMIZATION_LEVEL = 0;
				GCC_PREPROCESSOR_DEFINITIONS = (
					"DEBUG=1",
					"$(inherited)",
				);
				GCC_SYMBOLS_PRIVATE_EXTERN = NO;
				GCC_WARN_64_TO_32_BIT_CONVERSION = YES;
				GCC_WARN_ABOUT_RETURN_TYPE = YES;
				GCC_WARN_UNINITIALIZED_AUTOS = YES;
				GCC_WARN_UNUSED_VARIABLE = YES;
				MACOSX_DEPLOYMENT_TARGET = 10.8;
				ONLY_ACTIVE_ARCH = YES;
				SDKROOT = macosx;
			};
			name = Debug;
		};
		C8C224D4167F3A4900138B26 /* Release */ = {
			isa = XCBuildConfiguration;
			buildSettings = {
				ALWAYS_SEARCH_USER_PATHS = NO;
				ARCHS = "$(ARCHS_STANDARD_64_BIT)";
				CLANG_CXX_LANGUAGE_STANDARD = "gnu++0x";
				CLANG_CXX_LIBRARY = "libc++";
				CLANG_WARN_EMPTY_BODY = YES;
				CLANG_WARN__DUPLICATE_METHOD_MATCH = YES;
				COPY_PHASE_STRIP = YES;
				DEBUG_INFORMATION_FORMAT = "dwarf-with-dsym";
				GCC_C_LANGUAGE_STANDARD = gnu99;
				GCC_ENABLE_OBJC_EXCEPTIONS = YES;
				GCC_WARN_64_TO_32_BIT_CONVERSION = YES;
				GCC_WARN_ABOUT_RETURN_TYPE = YES;
				GCC_WARN_UNINITIALIZED_AUTOS = YES;
				GCC_WARN_UNUSED_VARIABLE = YES;
				MACOSX_DEPLOYMENT_TARGET = 10.8;
				SDKROOT = macosx;
			};
			name = Release;
		};
		C8C224D6167F3A4900138B26 /* Debug */ = {
			isa = XCBuildConfiguration;
			buildSettings = {
				GCC_PRECOMPILE_PREFIX_HEADER = YES;
				GCC_PREFIX_HEADER = "adapter pattern/adapter pattern-Prefix.pch";
				PRODUCT_NAME = "$(TARGET_NAME)";
			};
			name = Debug;
		};
		C8C224D7167F3A4900138B26 /* Release */ = {
			isa = XCBuildConfiguration;
			buildSettings = {
				GCC_PRECOMPILE_PREFIX_HEADER = YES;
				GCC_PREFIX_HEADER = "adapter pattern/adapter pattern-Prefix.pch";
				PRODUCT_NAME = "$(TARGET_NAME)";
			};
			name = Release;
		};
/* End XCBuildConfiguration section */

/* Begin XCConfigurationList section */
		C8C224C0167F3A4900138B26 /* Build configuration list for PBXProject "adapter pattern" */ = {
			isa = XCConfigurationList;
			buildConfigurations = (
				C8C224D3167F3A4900138B26 /* Debug */,
				C8C224D4167F3A4900138B26 /* Release */,
			);
			defaultConfigurationIsVisible = 0;
			defaultConfigurationName = Release;
		};
		C8C224D5167F3A4900138B26 /* Build configuration list for PBXNativeTarget "adapter pattern" */ = {
			isa = XCConfigurationList;
			buildConfigurations = (
				C8C224D6167F3A4900138B26 /* Debug */,
				C8C224D7167F3A4900138B26 /* Release */,
			);
			defaultConfigurationIsVisible = 0;
		};
/* End XCConfigurationList section */
	};
	rootObject = C8C224BD167F3A4900138B26 /* Project object */;
}
